// !$*UTF8*$!
{
	archiveVersion = 1;
	classes = {
	};
	objectVersion = 50;
	objects = {

/* Begin PBXBuildFile section */
		FF66D8F5252396B0002DF1CE /* CharacterViewModel.swift in Sources */ = {isa = PBXBuildFile; fileRef = FF66D8F4252396B0002DF1CE /* CharacterViewModel.swift */; };
		FF66D8F7252398EE002DF1CE /* ImageService.swift in Sources */ = {isa = PBXBuildFile; fileRef = FF66D8F6252398EE002DF1CE /* ImageService.swift */; };
		FF9EF3CB25238A3E0097AB75 /* AppDelegate.swift in Sources */ = {isa = PBXBuildFile; fileRef = FF9EF3CA25238A3E0097AB75 /* AppDelegate.swift */; };
		FF9EF3CD25238A3E0097AB75 /* SceneDelegate.swift in Sources */ = {isa = PBXBuildFile; fileRef = FF9EF3CC25238A3E0097AB75 /* SceneDelegate.swift */; };
		FF9EF3CF25238A3E0097AB75 /* ViewController.swift in Sources */ = {isa = PBXBuildFile; fileRef = FF9EF3CE25238A3E0097AB75 /* ViewController.swift */; };
		FF9EF3D225238A3E0097AB75 /* Main.storyboard in Resources */ = {isa = PBXBuildFile; fileRef = FF9EF3D025238A3E0097AB75 /* Main.storyboard */; };
		FF9EF3D425238A400097AB75 /* Assets.xcassets in Resources */ = {isa = PBXBuildFile; fileRef = FF9EF3D325238A400097AB75 /* Assets.xcassets */; };
		FF9EF3D725238A400097AB75 /* LaunchScreen.storyboard in Resources */ = {isa = PBXBuildFile; fileRef = FF9EF3D525238A400097AB75 /* LaunchScreen.storyboard */; };
		FF9EF3E225238A400097AB75 /* RickAndMortyTests.swift in Sources */ = {isa = PBXBuildFile; fileRef = FF9EF3E125238A400097AB75 /* RickAndMortyTests.swift */; };
		FF9EF3ED25238A950097AB75 /* GetCharactersService.swift in Sources */ = {isa = PBXBuildFile; fileRef = FF9EF3EC25238A950097AB75 /* GetCharactersService.swift */; };
		FF9EF3EF25238B4A0097AB75 /* GetCharactersServiceTests.swift in Sources */ = {isa = PBXBuildFile; fileRef = FF9EF3EE25238B4A0097AB75 /* GetCharactersServiceTests.swift */; };
		FF9EF3F225238D380097AB75 /* Character.swift in Sources */ = {isa = PBXBuildFile; fileRef = FF9EF3F125238D380097AB75 /* Character.swift */; };
		FF9EF3F625238DC30097AB75 /* Location.swift in Sources */ = {isa = PBXBuildFile; fileRef = FF9EF3F525238DC30097AB75 /* Location.swift */; };
		FF9EF3FA252391DA0097AB75 /* CharactersViewModel.swift in Sources */ = {isa = PBXBuildFile; fileRef = FF9EF3F9252391DA0097AB75 /* CharactersViewModel.swift */; };
/* End PBXBuildFile section */

/* Begin PBXContainerItemProxy section */
		FF9EF3DE25238A400097AB75 /* PBXContainerItemProxy */ = {
			isa = PBXContainerItemProxy;
			containerPortal = FF9EF3BF25238A3E0097AB75 /* Project object */;
			proxyType = 1;
			remoteGlobalIDString = FF9EF3C625238A3E0097AB75;
			remoteInfo = RickAndMorty;
		};
/* End PBXContainerItemProxy section */

/* Begin PBXFileReference section */
		FF66D8F4252396B0002DF1CE /* CharacterViewModel.swift */ = {isa = PBXFileReference; lastKnownFileType = sourcecode.swift; path = CharacterViewModel.swift; sourceTree = "<group>"; };
		FF66D8F6252398EE002DF1CE /* ImageService.swift */ = {isa = PBXFileReference; lastKnownFileType = sourcecode.swift; path = ImageService.swift; sourceTree = "<group>"; };
		FF9EF3C725238A3E0097AB75 /* RickAndMorty.app */ = {isa = PBXFileReference; explicitFileType = wrapper.application; includeInIndex = 0; path = RickAndMorty.app; sourceTree = BUILT_PRODUCTS_DIR; };
		FF9EF3CA25238A3E0097AB75 /* AppDelegate.swift */ = {isa = PBXFileReference; lastKnownFileType = sourcecode.swift; path = AppDelegate.swift; sourceTree = "<group>"; };
		FF9EF3CC25238A3E0097AB75 /* SceneDelegate.swift */ = {isa = PBXFileReference; lastKnownFileType = sourcecode.swift; path = SceneDelegate.swift; sourceTree = "<group>"; };
		FF9EF3CE25238A3E0097AB75 /* ViewController.swift */ = {isa = PBXFileReference; lastKnownFileType = sourcecode.swift; path = ViewController.swift; sourceTree = "<group>"; };
		FF9EF3D125238A3E0097AB75 /* Base */ = {isa = PBXFileReference; lastKnownFileType = file.storyboard; name = Base; path = Base.lproj/Main.storyboard; sourceTree = "<group>"; };
		FF9EF3D325238A400097AB75 /* Assets.xcassets */ = {isa = PBXFileReference; lastKnownFileType = folder.assetcatalog; path = Assets.xcassets; sourceTree = "<group>"; };
		FF9EF3D625238A400097AB75 /* Base */ = {isa = PBXFileReference; lastKnownFileType = file.storyboard; name = Base; path = Base.lproj/LaunchScreen.storyboard; sourceTree = "<group>"; };
		FF9EF3D825238A400097AB75 /* Info.plist */ = {isa = PBXFileReference; lastKnownFileType = text.plist.xml; path = Info.plist; sourceTree = "<group>"; };
		FF9EF3DD25238A400097AB75 /* RickAndMortyTests.xctest */ = {isa = PBXFileReference; explicitFileType = wrapper.cfbundle; includeInIndex = 0; path = RickAndMortyTests.xctest; sourceTree = BUILT_PRODUCTS_DIR; };
		FF9EF3E125238A400097AB75 /* RickAndMortyTests.swift */ = {isa = PBXFileReference; lastKnownFileType = sourcecode.swift; path = RickAndMortyTests.swift; sourceTree = "<group>"; };
		FF9EF3E325238A400097AB75 /* Info.plist */ = {isa = PBXFileReference; lastKnownFileType = text.plist.xml; path = Info.plist; sourceTree = "<group>"; };
		FF9EF3EC25238A950097AB75 /* GetCharactersService.swift */ = {isa = PBXFileReference; lastKnownFileType = sourcecode.swift; path = GetCharactersService.swift; sourceTree = "<group>"; };
		FF9EF3EE25238B4A0097AB75 /* GetCharactersServiceTests.swift */ = {isa = PBXFileReference; lastKnownFileType = sourcecode.swift; path = GetCharactersServiceTests.swift; sourceTree = "<group>"; };
		FF9EF3F125238D380097AB75 /* Character.swift */ = {isa = PBXFileReference; lastKnownFileType = sourcecode.swift; path = Character.swift; sourceTree = "<group>"; };
		FF9EF3F525238DC30097AB75 /* Location.swift */ = {isa = PBXFileReference; lastKnownFileType = sourcecode.swift; path = Location.swift; sourceTree = "<group>"; };
		FF9EF3F9252391DA0097AB75 /* CharactersViewModel.swift */ = {isa = PBXFileReference; lastKnownFileType = sourcecode.swift; path = CharactersViewModel.swift; sourceTree = "<group>"; };
/* End PBXFileReference section */

/* Begin PBXFrameworksBuildPhase section */
		FF9EF3C425238A3E0097AB75 /* Frameworks */ = {
			isa = PBXFrameworksBuildPhase;
			buildActionMask = 2147483647;
			files = (
			);
			runOnlyForDeploymentPostprocessing = 0;
		};
		FF9EF3DA25238A400097AB75 /* Frameworks */ = {
			isa = PBXFrameworksBuildPhase;
			buildActionMask = 2147483647;
			files = (
			);
			runOnlyForDeploymentPostprocessing = 0;
		};
/* End PBXFrameworksBuildPhase section */

/* Begin PBXGroup section */
		FF9EF3BE25238A3E0097AB75 = {
			isa = PBXGroup;
			children = (
				FF9EF3C925238A3E0097AB75 /* RickAndMorty */,
				FF9EF3E025238A400097AB75 /* RickAndMortyTests */,
				FF9EF3C825238A3E0097AB75 /* Products */,
			);
			sourceTree = "<group>";
		};
		FF9EF3C825238A3E0097AB75 /* Products */ = {
			isa = PBXGroup;
			children = (
				FF9EF3C725238A3E0097AB75 /* RickAndMorty.app */,
				FF9EF3DD25238A400097AB75 /* RickAndMortyTests.xctest */,
			);
			name = Products;
			sourceTree = "<group>";
		};
		FF9EF3C925238A3E0097AB75 /* RickAndMorty */ = {
			isa = PBXGroup;
			children = (
				FF9EF3F8252391C20097AB75 /* Data */,
				FF9EF3F7252391B50097AB75 /* Presentation */,
				FF9EF3F025238D280097AB75 /* Entities */,
				FF9EF3CA25238A3E0097AB75 /* AppDelegate.swift */,
				FF9EF3D025238A3E0097AB75 /* Main.storyboard */,
				FF9EF3CC25238A3E0097AB75 /* SceneDelegate.swift */,
				FF9EF3D325238A400097AB75 /* Assets.xcassets */,
				FF9EF3D525238A400097AB75 /* LaunchScreen.storyboard */,
				FF9EF3D825238A400097AB75 /* Info.plist */,
			);
			path = RickAndMorty;
			sourceTree = "<group>";
		};
		FF9EF3E025238A400097AB75 /* RickAndMortyTests */ = {
			isa = PBXGroup;
			children = (
				FF9EF3E125238A400097AB75 /* RickAndMortyTests.swift */,
				FF9EF3E325238A400097AB75 /* Info.plist */,
				FF9EF3EE25238B4A0097AB75 /* GetCharactersServiceTests.swift */,
			);
			path = RickAndMortyTests;
			sourceTree = "<group>";
		};
		FF9EF3F025238D280097AB75 /* Entities */ = {
			isa = PBXGroup;
			children = (
				FF9EF3F125238D380097AB75 /* Character.swift */,
				FF9EF3F525238DC30097AB75 /* Location.swift */,
			);
			path = Entities;
			sourceTree = "<group>";
		};
		FF9EF3F7252391B50097AB75 /* Presentation */ = {
			isa = PBXGroup;
			children = (
				FF9EF3CE25238A3E0097AB75 /* ViewController.swift */,
				FF9EF3F9252391DA0097AB75 /* CharactersViewModel.swift */,
				FF66D8F4252396B0002DF1CE /* CharacterViewModel.swift */,
			);
			path = Presentation;
			sourceTree = "<group>";
		};
		FF9EF3F8252391C20097AB75 /* Data */ = {
			isa = PBXGroup;
			children = (
				FF9EF3EC25238A950097AB75 /* GetCharactersService.swift */,
				FF66D8F6252398EE002DF1CE /* ImageService.swift */,
			);
			path = Data;
			sourceTree = "<group>";
		};
/* End PBXGroup section */

/* Begin PBXNativeTarget section */
		FF9EF3C625238A3E0097AB75 /* RickAndMorty */ = {
			isa = PBXNativeTarget;
			buildConfigurationList = FF9EF3E625238A400097AB75 /* Build configuration list for PBXNativeTarget "RickAndMorty" */;
			buildPhases = (
				FF9EF3C325238A3E0097AB75 /* Sources */,
				FF9EF3C425238A3E0097AB75 /* Frameworks */,
				FF9EF3C525238A3E0097AB75 /* Resources */,
			);
			buildRules = (
			);
			dependencies = (
			);
			name = RickAndMorty;
			productName = RickAndMorty;
			productReference = FF9EF3C725238A3E0097AB75 /* RickAndMorty.app */;
			productType = "com.apple.product-type.application";
		};
		FF9EF3DC25238A400097AB75 /* RickAndMortyTests */ = {
			isa = PBXNativeTarget;
			buildConfigurationList = FF9EF3E925238A400097AB75 /* Build configuration list for PBXNativeTarget "RickAndMortyTests" */;
			buildPhases = (
				FF9EF3D925238A400097AB75 /* Sources */,
				FF9EF3DA25238A400097AB75 /* Frameworks */,
				FF9EF3DB25238A400097AB75 /* Resources */,
			);
			buildRules = (
			);
			dependencies = (
				FF9EF3DF25238A400097AB75 /* PBXTargetDependency */,
			);
			name = RickAndMortyTests;
			productName = RickAndMortyTests;
			productReference = FF9EF3DD25238A400097AB75 /* RickAndMortyTests.xctest */;
			productType = "com.apple.product-type.bundle.unit-test";
		};
/* End PBXNativeTarget section */

/* Begin PBXProject section */
		FF9EF3BF25238A3E0097AB75 /* Project object */ = {
			isa = PBXProject;
			attributes = {
				LastSwiftUpdateCheck = 1160;
				LastUpgradeCheck = 1160;
				ORGANIZATIONNAME = "Ross Chapman";
				TargetAttributes = {
					FF9EF3C625238A3E0097AB75 = {
						CreatedOnToolsVersion = 11.6;
					};
					FF9EF3DC25238A400097AB75 = {
						CreatedOnToolsVersion = 11.6;
						TestTargetID = FF9EF3C625238A3E0097AB75;
					};
				};
			};
			buildConfigurationList = FF9EF3C225238A3E0097AB75 /* Build configuration list for PBXProject "RickAndMorty" */;
			compatibilityVersion = "Xcode 9.3";
			developmentRegion = en;
			hasScannedForEncodings = 0;
			knownRegions = (
				en,
				Base,
			);
			mainGroup = FF9EF3BE25238A3E0097AB75;
			productRefGroup = FF9EF3C825238A3E0097AB75 /* Products */;
			projectDirPath = "";
			projectRoot = "";
			targets = (
				FF9EF3C625238A3E0097AB75 /* RickAndMorty */,
				FF9EF3DC25238A400097AB75 /* RickAndMortyTests */,
			);
		};
/* End PBXProject section */

/* Begin PBXResourcesBuildPhase section */
		FF9EF3C525238A3E0097AB75 /* Resources */ = {
			isa = PBXResourcesBuildPhase;
			buildActionMask = 2147483647;
			files = (
				FF9EF3D725238A400097AB75 /* LaunchScreen.storyboard in Resources */,
				FF9EF3D425238A400097AB75 /* Assets.xcassets in Resources */,
				FF9EF3D225238A3E0097AB75 /* Main.storyboard in Resources */,
			);
			runOnlyForDeploymentPostprocessing = 0;
		};
		FF9EF3DB25238A400097AB75 /* Resources */ = {
			isa = PBXResourcesBuildPhase;
			buildActionMask = 2147483647;
			files = (
			);
			runOnlyForDeploymentPostprocessing = 0;
		};
/* End PBXResourcesBuildPhase section */

/* Begin PBXSourcesBuildPhase section */
		FF9EF3C325238A3E0097AB75 /* Sources */ = {
			isa = PBXSourcesBuildPhase;
			buildActionMask = 2147483647;
			files = (
				FF9EF3CF25238A3E0097AB75 /* ViewController.swift in Sources */,
				FF9EF3FA252391DA0097AB75 /* CharactersViewModel.swift in Sources */,
				FF66D8F7252398EE002DF1CE /* ImageService.swift in Sources */,
				FF9EF3CB25238A3E0097AB75 /* AppDelegate.swift in Sources */,
				FF9EF3F225238D380097AB75 /* Character.swift in Sources */,
				FF66D8F5252396B0002DF1CE /* CharacterViewModel.swift in Sources */,
				FF9EF3ED25238A950097AB75 /* GetCharactersService.swift in Sources */,
				FF9EF3CD25238A3E0097AB75 /* SceneDelegate.swift in Sources */,
				FF9EF3F625238DC30097AB75 /* Location.swift in Sources */,
			);
			runOnlyForDeploymentPostprocessing = 0;
		};
		FF9EF3D925238A400097AB75 /* Sources */ = {
			isa = PBXSourcesBuildPhase;
			buildActionMask = 2147483647;
			files = (
				FF9EF3EF25238B4A0097AB75 /* GetCharactersServiceTests.swift in Sources */,
				FF9EF3E225238A400097AB75 /* RickAndMortyTests.swift in Sources */,
			);
			runOnlyForDeploymentPostprocessing = 0;
		};
/* End PBXSourcesBuildPhase section */

/* Begin PBXTargetDependency section */
		FF9EF3DF25238A400097AB75 /* PBXTargetDependency */ = {
			isa = PBXTargetDependency;
			target = FF9EF3C625238A3E0097AB75 /* RickAndMorty */;
			targetProxy = FF9EF3DE25238A400097AB75 /* PBXContainerItemProxy */;
		};
/* End PBXTargetDependency section */

/* Begin PBXVariantGroup section */
		FF9EF3D025238A3E0097AB75 /* Main.storyboard */ = {
			isa = PBXVariantGroup;
			children = (
				FF9EF3D125238A3E0097AB75 /* Base */,
			);
			name = Main.storyboard;
			sourceTree = "<group>";
		};
		FF9EF3D525238A400097AB75 /* LaunchScreen.storyboard */ = {
			isa = PBXVariantGroup;
			children = (
				FF9EF3D625238A400097AB75 /* Base */,
			);
			name = LaunchScreen.storyboard;
			sourceTree = "<group>";
		};
/* End PBXVariantGroup section */

/* Begin XCBuildConfiguration section */
		FF9EF3E425238A400097AB75 /* Debug */ = {
			isa = XCBuildConfiguration;
			buildSettings = {
				ALWAYS_SEARCH_USER_PATHS = NO;
				CLANG_ANALYZER_NONNULL = YES;
				CLANG_ANALYZER_NUMBER_OBJECT_CONVERSION = YES_AGGRESSIVE;
				CLANG_CXX_LANGUAGE_STANDARD = "gnu++14";
				CLANG_CXX_LIBRARY = "libc++";
				CLANG_ENABLE_MODULES = YES;
				CLANG_ENABLE_OBJC_ARC = YES;
				CLANG_ENABLE_OBJC_WEAK = YES;
				CLANG_WARN_BLOCK_CAPTURE_AUTORELEASING = YES;
				CLANG_WARN_BOOL_CONVERSION = YES;
				CLANG_WARN_COMMA = YES;
				CLANG_WARN_CONSTANT_CONVERSION = YES;
				CLANG_WARN_DEPRECATED_OBJC_IMPLEMENTATIONS = YES;
				CLANG_WARN_DIRECT_OBJC_ISA_USAGE = YES_ERROR;
				CLANG_WARN_DOCUMENTATION_COMMENTS = YES;
				CLANG_WARN_EMPTY_BODY = YES;
				CLANG_WARN_ENUM_CONVERSION = YES;
				CLANG_WARN_INFINITE_RECURSION = YES;
				CLANG_WARN_INT_CONVERSION = YES;
				CLANG_WARN_NON_LITERAL_NULL_CONVERSION = YES;
				CLANG_WARN_OBJC_IMPLICIT_RETAIN_SELF = YES;
				CLANG_WARN_OBJC_LITERAL_CONVERSION = YES;
				CLANG_WARN_OBJC_ROOT_CLASS = YES_ERROR;
				CLANG_WARN_RANGE_LOOP_ANALYSIS = YES;
				CLANG_WARN_STRICT_PROTOTYPES = YES;
				CLANG_WARN_SUSPICIOUS_MOVE = YES;
				CLANG_WARN_UNGUARDED_AVAILABILITY = YES_AGGRESSIVE;
				CLANG_WARN_UNREACHABLE_CODE = YES;
				CLANG_WARN__DUPLICATE_METHOD_MATCH = YES;
				COPY_PHASE_STRIP = NO;
				DEBUG_INFORMATION_FORMAT = dwarf;
				ENABLE_STRICT_OBJC_MSGSEND = YES;
				ENABLE_TESTABILITY = YES;
				GCC_C_LANGUAGE_STANDARD = gnu11;
				GCC_DYNAMIC_NO_PIC = NO;
				GCC_NO_COMMON_BLOCKS = YES;
				GCC_OPTIMIZATION_LEVEL = 0;
				GCC_PREPROCESSOR_DEFINITIONS = (
					"DEBUG=1",
					"$(inherited)",
				);
				GCC_WARN_64_TO_32_BIT_CONVERSION = YES;
				GCC_WARN_ABOUT_RETURN_TYPE = YES_ERROR;
				GCC_WARN_UNDECLARED_SELECTOR = YES;
				GCC_WARN_UNINITIALIZED_AUTOS = YES_AGGRESSIVE;
				GCC_WARN_UNUSED_FUNCTION = YES;
				GCC_WARN_UNUSED_VARIABLE = YES;
				IPHONEOS_DEPLOYMENT_TARGET = 13.6;
				MTL_ENABLE_DEBUG_INFO = INCLUDE_SOURCE;
				MTL_FAST_MATH = YES;
				ONLY_ACTIVE_ARCH = YES;
				SDKROOT = iphoneos;
				SWIFT_ACTIVE_COMPILATION_CONDITIONS = DEBUG;
				SWIFT_OPTIMIZATION_LEVEL = "-Onone";
			};
			name = Debug;
		};
		FF9EF3E525238A400097AB75 /* Release */ = {
			isa = XCBuildConfiguration;
			buildSettings = {
				ALWAYS_SEARCH_USER_PATHS = NO;
				CLANG_ANALYZER_NONNULL = YES;
				CLANG_ANALYZER_NUMBER_OBJECT_CONVERSION = YES_AGGRESSIVE;
				CLANG_CXX_LANGUAGE_STANDARD = "gnu++14";
				CLANG_CXX_LIBRARY = "libc++";
				CLANG_ENABLE_MODULES = YES;
				CLANG_ENABLE_OBJC_ARC = YES;
				CLANG_ENABLE_OBJC_WEAK = YES;
				CLANG_WARN_BLOCK_CAPTURE_AUTORELEASING = YES;
				CLANG_WARN_BOOL_CONVERSION = YES;
				CLANG_WARN_COMMA = YES;
				CLANG_WARN_CONSTANT_CONVERSION = YES;
				CLANG_WARN_DEPRECATED_OBJC_IMPLEMENTATIONS = YES;
				CLANG_WARN_DIRECT_OBJC_ISA_USAGE = YES_ERROR;
				CLANG_WARN_DOCUMENTATION_COMMENTS = YES;
				CLANG_WARN_EMPTY_BODY = YES;
				CLANG_WARN_ENUM_CONVERSION = YES;
				CLANG_WARN_INFINITE_RECURSION = YES;
				CLANG_WARN_INT_CONVERSION = YES;
				CLANG_WARN_NON_LITERAL_NULL_CONVERSION = YES;
				CLANG_WARN_OBJC_IMPLICIT_RETAIN_SELF = YES;
				CLANG_WARN_OBJC_LITERAL_CONVERSION = YES;
				CLANG_WARN_OBJC_ROOT_CLASS = YES_ERROR;
				CLANG_WARN_RANGE_LOOP_ANALYSIS = YES;
				CLANG_WARN_STRICT_PROTOTYPES = YES;
				CLANG_WARN_SUSPICIOUS_MOVE = YES;
				CLANG_WARN_UNGUARDED_AVAILABILITY = YES_AGGRESSIVE;
				CLANG_WARN_UNREACHABLE_CODE = YES;
				CLANG_WARN__DUPLICATE_METHOD_MATCH = YES;
				COPY_PHASE_STRIP = NO;
				DEBUG_INFORMATION_FORMAT = "dwarf-with-dsym";
				ENABLE_NS_ASSERTIONS = NO;
				ENABLE_STRICT_OBJC_MSGSEND = YES;
				GCC_C_LANGUAGE_STANDARD = gnu11;
				GCC_NO_COMMON_BLOCKS = YES;
				GCC_WARN_64_TO_32_BIT_CONVERSION = YES;
				GCC_WARN_ABOUT_RETURN_TYPE = YES_ERROR;
				GCC_WARN_UNDECLARED_SELECTOR = YES;
				GCC_WARN_UNINITIALIZED_AUTOS = YES_AGGRESSIVE;
				GCC_WARN_UNUSED_FUNCTION = YES;
				GCC_WARN_UNUSED_VARIABLE = YES;
				IPHONEOS_DEPLOYMENT_TARGET = 13.6;
				MTL_ENABLE_DEBUG_INFO = NO;
				MTL_FAST_MATH = YES;
				SDKROOT = iphoneos;
				SWIFT_COMPILATION_MODE = wholemodule;
				SWIFT_OPTIMIZATION_LEVEL = "-O";
				VALIDATE_PRODUCT = YES;
			};
			name = Release;
		};
		FF9EF3E725238A400097AB75 /* Debug */ = {
			isa = XCBuildConfiguration;
			buildSettings = {
				ASSETCATALOG_COMPILER_APPICON_NAME = AppIcon;
				CODE_SIGN_STYLE = Automatic;
				DEVELOPMENT_TEAM = JNBTS75Q2N;
				INFOPLIST_FILE = RickAndMorty/Info.plist;
				LD_RUNPATH_SEARCH_PATHS = (
					"$(inherited)",
					"@executable_path/Frameworks",
				);
				PRODUCT_BUNDLE_IDENTIFIER = chapman.ross.RickAndMorty;
				PRODUCT_NAME = "$(TARGET_NAME)";
				SWIFT_VERSION = 5.0;
				TARGETED_DEVICE_FAMILY = "1,2";
			};
			name = Debug;
		};
		FF9EF3E825238A400097AB75 /* Release */ = {
			isa = XCBuildConfiguration;
			buildSettings = {
				ASSETCATALOG_COMPILER_APPICON_NAME = AppIcon;
				CODE_SIGN_STYLE = Automatic;
				DEVELOPMENT_TEAM = JNBTS75Q2N;
				INFOPLIST_FILE = RickAndMorty/Info.plist;
				LD_RUNPATH_SEARCH_PATHS = (
					"$(inherited)",
					"@executable_path/Frameworks",
				);
				PRODUCT_BUNDLE_IDENTIFIER = chapman.ross.RickAndMorty;
				PRODUCT_NAME = "$(TARGET_NAME)";
				SWIFT_VERSION = 5.0;
				TARGETED_DEVICE_FAMILY = "1,2";
			};
			name = Release;
		};
		FF9EF3EA25238A400097AB75 /* Debug */ = {
			isa = XCBuildConfiguration;
			buildSettings = {
				ALWAYS_EMBED_SWIFT_STANDARD_LIBRARIES = YES;
				BUNDLE_LOADER = "$(TEST_HOST)";
				CODE_SIGN_STYLE = Automatic;
				DEVELOPMENT_TEAM = JNBTS75Q2N;
				INFOPLIST_FILE = RickAndMortyTests/Info.plist;
				IPHONEOS_DEPLOYMENT_TARGET = 13.6;
				LD_RUNPATH_SEARCH_PATHS = (
					"$(inherited)",
					"@executable_path/Frameworks",
					"@loader_path/Frameworks",
				);
				PRODUCT_BUNDLE_IDENTIFIER = chapman.ross.RickAndMortyTests;
				PRODUCT_NAME = "$(TARGET_NAME)";
				SWIFT_VERSION = 5.0;
				TARGETED_DEVICE_FAMILY = "1,2";
				TEST_HOST = "$(BUILT_PRODUCTS_DIR)/RickAndMorty.app/RickAndMorty";
			};
			name = Debug;
		};
		FF9EF3EB25238A400097AB75 /* Release */ = {
			isa = XCBuildConfiguration;
			buildSettings = {
				ALWAYS_EMBED_SWIFT_STANDARD_LIBRARIES = YES;
				BUNDLE_LOADER = "$(TEST_HOST)";
				CODE_SIGN_STYLE = Automatic;
				DEVELOPMENT_TEAM = JNBTS75Q2N;
				INFOPLIST_FILE = RickAndMortyTests/Info.plist;
				IPHONEOS_DEPLOYMENT_TARGET = 13.6;
				LD_RUNPATH_SEARCH_PATHS = (
					"$(inherited)",
					"@executable_path/Frameworks",
					"@loader_path/Frameworks",
				);
				PRODUCT_BUNDLE_IDENTIFIER = chapman.ross.RickAndMortyTests;
				PRODUCT_NAME = "$(TARGET_NAME)";
				SWIFT_VERSION = 5.0;
				TARGETED_DEVICE_FAMILY = "1,2";
				TEST_HOST = "$(BUILT_PRODUCTS_DIR)/RickAndMorty.app/RickAndMorty";
			};
			name = Release;
		};
/* End XCBuildConfiguration section */

/* Begin XCConfigurationList section */
		FF9EF3C225238A3E0097AB75 /* Build configuration list for PBXProject "RickAndMorty" */ = {
			isa = XCConfigurationList;
			buildConfigurations = (
				FF9EF3E425238A400097AB75 /* Debug */,
				FF9EF3E525238A400097AB75 /* Release */,
			);
			defaultConfigurationIsVisible = 0;
			defaultConfigurationName = Release;
		};
		FF9EF3E625238A400097AB75 /* Build configuration list for PBXNativeTarget "RickAndMorty" */ = {
			isa = XCConfigurationList;
			buildConfigurations = (
				FF9EF3E725238A400097AB75 /* Debug */,
				FF9EF3E825238A400097AB75 /* Release */,
			);
			defaultConfigurationIsVisible = 0;
			defaultConfigurationName = Release;
		};
		FF9EF3E925238A400097AB75 /* Build configuration list for PBXNativeTarget "RickAndMortyTests" */ = {
			isa = XCConfigurationList;
			buildConfigurations = (
				FF9EF3EA25238A400097AB75 /* Debug */,
				FF9EF3EB25238A400097AB75 /* Release */,
			);
			defaultConfigurationIsVisible = 0;
			defaultConfigurationName = Release;
		};
/* End XCConfigurationList section */
	};
	rootObject = FF9EF3BF25238A3E0097AB75 /* Project object */;
}
